
Microsoft Visual Studio Solution File, Format Version 12.00
# Visual Studio Version 16
VisualStudioVersion = 16.0.30204.135
MinimumVisualStudioVersion = 10.0.40219.1
Project("{FAE04EC0-301F-11D3-BF4B-00C04F79EFBC}") = "ForIteration", "ForIteration\ForIteration.csproj", "{4060A20C-3038-418B-AB78-E7EEC4BFDEEB}"
EndProject
Global
	GlobalSection(SolutionConfigurationPlatforms) = preSolution
		Debug|Any CPU = Debug|Any CPU
		Release|Any CPU = Release|Any CPU
	EndGlobalSection
	GlobalSection(ProjectConfigurationPlatforms) = postSolution
		{4060A20C-3038-418B-AB78-E7EEC4BFDEEB}.Debug|Any CPU.ActiveCfg = Debug|Any CPU
		{4060A20C-3038-418B-AB78-E7EEC4BFDEEB}.Debug|Any CPU.Build.0 = Debug|Any CPU
		{4060A20C-3038-418B-AB78-E7EEC4BFDEEB}.Release|Any CPU.ActiveCfg = Release|Any CPU
		{4060A20C-3038-418B-AB78-E7EEC4BFDEEB}.Release|Any CPU.Build.0 = Release|Any CPU
	EndGlobalSection
	GlobalSection(SolutionProperties) = preSolution
		HideSolutionNode = FALSE
	EndGlobalSection
	GlobalSection(ExtensibilityGlobals) = postSolution
		SolutionGuid = {A6998AEB-88E3-46C1-AC3F-7247903582C3}
	EndGlobalSection
EndGlobal
